
Microsoft Visual Studio Solution File, Format Version 12.00
# Visual Studio Version 17
VisualStudioVersion = 17.12.35527.113 d17.12
MinimumVisualStudioVersion = 10.0.40219.1
Project("{FAE04EC0-301F-11D3-BF4B-00C04F79EFBC}") = "GitHubTest", "GitHubTest\GitHubTest.csproj", "{718DA8E8-8CD7-4EE6-A4E4-F1768F6D3778}"
EndProject
Global
	GlobalSection(SolutionConfigurationPlatforms) = preSolution
		Debug|Any CPU = Debug|Any CPU
		Release|Any CPU = Release|Any CPU
	EndGlobalSection
	GlobalSection(ProjectConfigurationPlatforms) = postSolution
		{718DA8E8-8CD7-4EE6-A4E4-F1768F6D3778}.Debug|Any CPU.ActiveCfg = Debug|Any CPU
		{718DA8E8-8CD7-4EE6-A4E4-F1768F6D3778}.Debug|Any CPU.Build.0 = Debug|Any CPU
		{718DA8E8-8CD7-4EE6-A4E4-F1768F6D3778}.Release|Any CPU.ActiveCfg = Release|Any CPU
		{718DA8E8-8CD7-4EE6-A4E4-F1768F6D3778}.Release|Any CPU.Build.0 = Release|Any CPU
	EndGlobalSection
	GlobalSection(SolutionProperties) = preSolution
		HideSolutionNode = FALSE
	EndGlobalSection
EndGlobal
